// !$*UTF8*$!
{
	archiveVersion = 1;
	classes = {
	};
	objectVersion = 51;
	objects = {

/* Begin PBXBuildFile section */
		2D200E0FFEE3946210ABA8D8 /* Pods_Assignment.framework in Frameworks */ = {isa = PBXBuildFile; fileRef = 255F65905207D184459DE747 /* Pods_Assignment.framework */; };
		8AFD0CF5651DA34839E4DB46 /* Pods_AssignmentTests.framework in Frameworks */ = {isa = PBXBuildFile; fileRef = A512C234BE0A8084DA05B058 /* Pods_AssignmentTests.framework */; };
		971AB6C5BE99475E01559A03 /* Pods_Assignment_AssignmentUITests.framework in Frameworks */ = {isa = PBXBuildFile; fileRef = D8319DAD893EB16FB43185E8 /* Pods_Assignment_AssignmentUITests.framework */; };
		C8ACB43723B091F400F3BA96 /* AppDelegate.swift in Sources */ = {isa = PBXBuildFile; fileRef = C8ACB43623B091F400F3BA96 /* AppDelegate.swift */; };
		C8ACB43923B091F400F3BA96 /* SceneDelegate.swift in Sources */ = {isa = PBXBuildFile; fileRef = C8ACB43823B091F400F3BA96 /* SceneDelegate.swift */; };
		C8ACB43B23B091F400F3BA96 /* ViewController.swift in Sources */ = {isa = PBXBuildFile; fileRef = C8ACB43A23B091F400F3BA96 /* ViewController.swift */; };
		C8ACB43E23B091F400F3BA96 /* Main.storyboard in Resources */ = {isa = PBXBuildFile; fileRef = C8ACB43C23B091F400F3BA96 /* Main.storyboard */; };
		C8ACB44023B091F800F3BA96 /* Assets.xcassets in Resources */ = {isa = PBXBuildFile; fileRef = C8ACB43F23B091F800F3BA96 /* Assets.xcassets */; };
		C8ACB44323B091F800F3BA96 /* LaunchScreen.storyboard in Resources */ = {isa = PBXBuildFile; fileRef = C8ACB44123B091F800F3BA96 /* LaunchScreen.storyboard */; };
		C8ACB44E23B091F800F3BA96 /* AssignmentTests.swift in Sources */ = {isa = PBXBuildFile; fileRef = C8ACB44D23B091F800F3BA96 /* AssignmentTests.swift */; };
		C8ACB45923B091F900F3BA96 /* AssignmentUITests.swift in Sources */ = {isa = PBXBuildFile; fileRef = C8ACB45823B091F900F3BA96 /* AssignmentUITests.swift */; };
		C8ACB46A23B0E8D200F3BA96 /* DetailsViewModel.swift in Sources */ = {isa = PBXBuildFile; fileRef = C8ACB46923B0E8D200F3BA96 /* DetailsViewModel.swift */; };
		C8ACB46D23B0E8F600F3BA96 /* Service.swift in Sources */ = {isa = PBXBuildFile; fileRef = C8ACB46C23B0E8F600F3BA96 /* Service.swift */; };
		C8ACB46F23B0E90D00F3BA96 /* DetailsModel.swift in Sources */ = {isa = PBXBuildFile; fileRef = C8ACB46E23B0E90D00F3BA96 /* DetailsModel.swift */; };
		C8ACB47223B1D73400F3BA96 /* AppStrings.swift in Sources */ = {isa = PBXBuildFile; fileRef = C8ACB47123B1D73400F3BA96 /* AppStrings.swift */; };
		C8ACB47823B1E7AF00F3BA96 /* Utills.swift in Sources */ = {isa = PBXBuildFile; fileRef = C8ACB47723B1E7AF00F3BA96 /* Utills.swift */; };
		C8ACB4A823B5F41000F3BA96 /* DetailsViewControllerDataSourceExtension.swift in Sources */ = {isa = PBXBuildFile; fileRef = C8ACB4A723B5F41000F3BA96 /* DetailsViewControllerDataSourceExtension.swift */; };
		C8ACB4AA23B5F56E00F3BA96 /* DetailsCell.swift in Sources */ = {isa = PBXBuildFile; fileRef = C8ACB4A923B5F56E00F3BA96 /* DetailsCell.swift */; };
		C8ACB4AC23B5F63B00F3BA96 /* DetailsViewControllerUITableViewDelegateExtension.swift in Sources */ = {isa = PBXBuildFile; fileRef = C8ACB4AB23B5F63B00F3BA96 /* DetailsViewControllerUITableViewDelegateExtension.swift */; };
/* End PBXBuildFile section */

/* Begin PBXContainerItemProxy section */
		C8ACB44A23B091F800F3BA96 /* PBXContainerItemProxy */ = {
			isa = PBXContainerItemProxy;
			containerPortal = C8ACB42B23B091F400F3BA96 /* Project object */;
			proxyType = 1;
			remoteGlobalIDString = C8ACB43223B091F400F3BA96;
			remoteInfo = Assignment;
		};
		C8ACB45523B091F800F3BA96 /* PBXContainerItemProxy */ = {
			isa = PBXContainerItemProxy;
			containerPortal = C8ACB42B23B091F400F3BA96 /* Project object */;
			proxyType = 1;
			remoteGlobalIDString = C8ACB43223B091F400F3BA96;
			remoteInfo = Assignment;
		};
/* End PBXContainerItemProxy section */

/* Begin PBXFileReference section */
		02B24E7191475D2E683A6B51 /* Pods-AssignmentTests.release.xcconfig */ = {isa = PBXFileReference; includeInIndex = 1; lastKnownFileType = text.xcconfig; name = "Pods-AssignmentTests.release.xcconfig"; path = "Target Support Files/Pods-AssignmentTests/Pods-AssignmentTests.release.xcconfig"; sourceTree = "<group>"; };
		255F65905207D184459DE747 /* Pods_Assignment.framework */ = {isa = PBXFileReference; explicitFileType = wrapper.framework; includeInIndex = 0; path = Pods_Assignment.framework; sourceTree = BUILT_PRODUCTS_DIR; };
		552E7EC255BA82F972A9E360 /* Pods-Assignment.release.xcconfig */ = {isa = PBXFileReference; includeInIndex = 1; lastKnownFileType = text.xcconfig; name = "Pods-Assignment.release.xcconfig"; path = "Target Support Files/Pods-Assignment/Pods-Assignment.release.xcconfig"; sourceTree = "<group>"; };
		7D60E9673C9068FAC959D429 /* Pods-Assignment.debug.xcconfig */ = {isa = PBXFileReference; includeInIndex = 1; lastKnownFileType = text.xcconfig; name = "Pods-Assignment.debug.xcconfig"; path = "Target Support Files/Pods-Assignment/Pods-Assignment.debug.xcconfig"; sourceTree = "<group>"; };
		7D95DE3DCCE6CBE643A3C792 /* Pods-AssignmentTests.debug.xcconfig */ = {isa = PBXFileReference; includeInIndex = 1; lastKnownFileType = text.xcconfig; name = "Pods-AssignmentTests.debug.xcconfig"; path = "Target Support Files/Pods-AssignmentTests/Pods-AssignmentTests.debug.xcconfig"; sourceTree = "<group>"; };
		A512C234BE0A8084DA05B058 /* Pods_AssignmentTests.framework */ = {isa = PBXFileReference; explicitFileType = wrapper.framework; includeInIndex = 0; path = Pods_AssignmentTests.framework; sourceTree = BUILT_PRODUCTS_DIR; };
		A841ED409D629F5EBBE6BAFB /* Pods-Assignment-AssignmentUITests.release.xcconfig */ = {isa = PBXFileReference; includeInIndex = 1; lastKnownFileType = text.xcconfig; name = "Pods-Assignment-AssignmentUITests.release.xcconfig"; path = "Target Support Files/Pods-Assignment-AssignmentUITests/Pods-Assignment-AssignmentUITests.release.xcconfig"; sourceTree = "<group>"; };
		C8ACB43323B091F400F3BA96 /* Assignment.app */ = {isa = PBXFileReference; explicitFileType = wrapper.application; includeInIndex = 0; path = Assignment.app; sourceTree = BUILT_PRODUCTS_DIR; };
		C8ACB43623B091F400F3BA96 /* AppDelegate.swift */ = {isa = PBXFileReference; lastKnownFileType = sourcecode.swift; path = AppDelegate.swift; sourceTree = "<group>"; };
		C8ACB43823B091F400F3BA96 /* SceneDelegate.swift */ = {isa = PBXFileReference; lastKnownFileType = sourcecode.swift; path = SceneDelegate.swift; sourceTree = "<group>"; };
		C8ACB43A23B091F400F3BA96 /* ViewController.swift */ = {isa = PBXFileReference; lastKnownFileType = sourcecode.swift; path = ViewController.swift; sourceTree = "<group>"; };
		C8ACB43D23B091F400F3BA96 /* Base */ = {isa = PBXFileReference; lastKnownFileType = file.storyboard; name = Base; path = Base.lproj/Main.storyboard; sourceTree = "<group>"; };
		C8ACB43F23B091F800F3BA96 /* Assets.xcassets */ = {isa = PBXFileReference; lastKnownFileType = folder.assetcatalog; path = Assets.xcassets; sourceTree = "<group>"; };
		C8ACB44223B091F800F3BA96 /* Base */ = {isa = PBXFileReference; lastKnownFileType = file.storyboard; name = Base; path = Base.lproj/LaunchScreen.storyboard; sourceTree = "<group>"; };
		C8ACB44423B091F800F3BA96 /* Info.plist */ = {isa = PBXFileReference; lastKnownFileType = text.plist.xml; path = Info.plist; sourceTree = "<group>"; };
		C8ACB44923B091F800F3BA96 /* AssignmentTests.xctest */ = {isa = PBXFileReference; explicitFileType = wrapper.cfbundle; includeInIndex = 0; path = AssignmentTests.xctest; sourceTree = BUILT_PRODUCTS_DIR; };
		C8ACB44D23B091F800F3BA96 /* AssignmentTests.swift */ = {isa = PBXFileReference; lastKnownFileType = sourcecode.swift; path = AssignmentTests.swift; sourceTree = "<group>"; };
		C8ACB44F23B091F800F3BA96 /* Info.plist */ = {isa = PBXFileReference; lastKnownFileType = text.plist.xml; path = Info.plist; sourceTree = "<group>"; };
		C8ACB45423B091F800F3BA96 /* AssignmentUITests.xctest */ = {isa = PBXFileReference; explicitFileType = wrapper.cfbundle; includeInIndex = 0; path = AssignmentUITests.xctest; sourceTree = BUILT_PRODUCTS_DIR; };
		C8ACB45823B091F900F3BA96 /* AssignmentUITests.swift */ = {isa = PBXFileReference; lastKnownFileType = sourcecode.swift; path = AssignmentUITests.swift; sourceTree = "<group>"; };
		C8ACB45A23B091F900F3BA96 /* Info.plist */ = {isa = PBXFileReference; lastKnownFileType = text.plist.xml; path = Info.plist; sourceTree = "<group>"; };
		C8ACB46923B0E8D200F3BA96 /* DetailsViewModel.swift */ = {isa = PBXFileReference; lastKnownFileType = sourcecode.swift; path = DetailsViewModel.swift; sourceTree = "<group>"; };
		C8ACB46C23B0E8F600F3BA96 /* Service.swift */ = {isa = PBXFileReference; lastKnownFileType = sourcecode.swift; path = Service.swift; sourceTree = "<group>"; };
		C8ACB46E23B0E90D00F3BA96 /* DetailsModel.swift */ = {isa = PBXFileReference; lastKnownFileType = sourcecode.swift; path = DetailsModel.swift; sourceTree = "<group>"; };
		C8ACB47123B1D73400F3BA96 /* AppStrings.swift */ = {isa = PBXFileReference; lastKnownFileType = sourcecode.swift; path = AppStrings.swift; sourceTree = "<group>"; };
		C8ACB47723B1E7AF00F3BA96 /* Utills.swift */ = {isa = PBXFileReference; lastKnownFileType = sourcecode.swift; path = Utills.swift; sourceTree = "<group>"; };
		C8ACB4A723B5F41000F3BA96 /* DetailsViewControllerDataSourceExtension.swift */ = {isa = PBXFileReference; lastKnownFileType = sourcecode.swift; path = DetailsViewControllerDataSourceExtension.swift; sourceTree = "<group>"; };
		C8ACB4A923B5F56E00F3BA96 /* DetailsCell.swift */ = {isa = PBXFileReference; lastKnownFileType = sourcecode.swift; path = DetailsCell.swift; sourceTree = "<group>"; };
		C8ACB4AB23B5F63B00F3BA96 /* DetailsViewControllerUITableViewDelegateExtension.swift */ = {isa = PBXFileReference; lastKnownFileType = sourcecode.swift; path = DetailsViewControllerUITableViewDelegateExtension.swift; sourceTree = "<group>"; };
		D3DF5191A3B0DFC2E8600A9C /* Pods-Assignment-AssignmentUITests.debug.xcconfig */ = {isa = PBXFileReference; includeInIndex = 1; lastKnownFileType = text.xcconfig; name = "Pods-Assignment-AssignmentUITests.debug.xcconfig"; path = "Target Support Files/Pods-Assignment-AssignmentUITests/Pods-Assignment-AssignmentUITests.debug.xcconfig"; sourceTree = "<group>"; };
		D8319DAD893EB16FB43185E8 /* Pods_Assignment_AssignmentUITests.framework */ = {isa = PBXFileReference; explicitFileType = wrapper.framework; includeInIndex = 0; path = Pods_Assignment_AssignmentUITests.framework; sourceTree = BUILT_PRODUCTS_DIR; };
/* End PBXFileReference section */

/* Begin PBXFrameworksBuildPhase section */
		C8ACB43023B091F400F3BA96 /* Frameworks */ = {
			isa = PBXFrameworksBuildPhase;
			buildActionMask = 2147483647;
			files = (
				2D200E0FFEE3946210ABA8D8 /* Pods_Assignment.framework in Frameworks */,
			);
			runOnlyForDeploymentPostprocessing = 0;
		};
		C8ACB44623B091F800F3BA96 /* Frameworks */ = {
			isa = PBXFrameworksBuildPhase;
			buildActionMask = 2147483647;
			files = (
				8AFD0CF5651DA34839E4DB46 /* Pods_AssignmentTests.framework in Frameworks */,
			);
			runOnlyForDeploymentPostprocessing = 0;
		};
		C8ACB45123B091F800F3BA96 /* Frameworks */ = {
			isa = PBXFrameworksBuildPhase;
			buildActionMask = 2147483647;
			files = (
				971AB6C5BE99475E01559A03 /* Pods_Assignment_AssignmentUITests.framework in Frameworks */,
			);
			runOnlyForDeploymentPostprocessing = 0;
		};
/* End PBXFrameworksBuildPhase section */

/* Begin PBXGroup section */
		2EA0A99E8000BE87E6067933 /* Frameworks */ = {
			isa = PBXGroup;
			children = (
				255F65905207D184459DE747 /* Pods_Assignment.framework */,
				D8319DAD893EB16FB43185E8 /* Pods_Assignment_AssignmentUITests.framework */,
				A512C234BE0A8084DA05B058 /* Pods_AssignmentTests.framework */,
			);
			name = Frameworks;
			sourceTree = "<group>";
		};
		AAF640EC0E75B22C5C6881F2 /* Pods */ = {
			isa = PBXGroup;
			children = (
				7D60E9673C9068FAC959D429 /* Pods-Assignment.debug.xcconfig */,
				552E7EC255BA82F972A9E360 /* Pods-Assignment.release.xcconfig */,
				D3DF5191A3B0DFC2E8600A9C /* Pods-Assignment-AssignmentUITests.debug.xcconfig */,
				A841ED409D629F5EBBE6BAFB /* Pods-Assignment-AssignmentUITests.release.xcconfig */,
				7D95DE3DCCE6CBE643A3C792 /* Pods-AssignmentTests.debug.xcconfig */,
				02B24E7191475D2E683A6B51 /* Pods-AssignmentTests.release.xcconfig */,
			);
			path = Pods;
			sourceTree = "<group>";
		};
		C8ACB42A23B091F400F3BA96 = {
			isa = PBXGroup;
			children = (
				C8ACB43523B091F400F3BA96 /* Assignment */,
				C8ACB44C23B091F800F3BA96 /* AssignmentTests */,
				C8ACB45723B091F800F3BA96 /* AssignmentUITests */,
				C8ACB43423B091F400F3BA96 /* Products */,
				AAF640EC0E75B22C5C6881F2 /* Pods */,
				2EA0A99E8000BE87E6067933 /* Frameworks */,
			);
			sourceTree = "<group>";
		};
		C8ACB43423B091F400F3BA96 /* Products */ = {
			isa = PBXGroup;
			children = (
				C8ACB43323B091F400F3BA96 /* Assignment.app */,
				C8ACB44923B091F800F3BA96 /* AssignmentTests.xctest */,
				C8ACB45423B091F800F3BA96 /* AssignmentUITests.xctest */,
			);
			name = Products;
			sourceTree = "<group>";
		};
		C8ACB43523B091F400F3BA96 /* Assignment */ = {
			isa = PBXGroup;
			children = (
				C8ACB47623B1E79700F3BA96 /* AppUtills */,
				C8ACB47023B1D66A00F3BA96 /* AppConstant */,
				C8ACB46B23B0E8E100F3BA96 /* Services */,
				C8ACB46823B0E88900F3BA96 /* Controllers */,
				C8ACB46723B0E87E00F3BA96 /* viewModel */,
				C8ACB46623B0E87300F3BA96 /* Model */,
				C8ACB43623B091F400F3BA96 /* AppDelegate.swift */,
				C8ACB43823B091F400F3BA96 /* SceneDelegate.swift */,
				C8ACB43C23B091F400F3BA96 /* Main.storyboard */,
				C8ACB43F23B091F800F3BA96 /* Assets.xcassets */,
				C8ACB44123B091F800F3BA96 /* LaunchScreen.storyboard */,
				C8ACB44423B091F800F3BA96 /* Info.plist */,
			);
			path = Assignment;
			sourceTree = "<group>";
		};
		C8ACB44C23B091F800F3BA96 /* AssignmentTests */ = {
			isa = PBXGroup;
			children = (
				C8ACB44D23B091F800F3BA96 /* AssignmentTests.swift */,
				C8ACB44F23B091F800F3BA96 /* Info.plist */,
			);
			path = AssignmentTests;
			sourceTree = "<group>";
		};
		C8ACB45723B091F800F3BA96 /* AssignmentUITests */ = {
			isa = PBXGroup;
			children = (
				C8ACB45823B091F900F3BA96 /* AssignmentUITests.swift */,
				C8ACB45A23B091F900F3BA96 /* Info.plist */,
			);
			path = AssignmentUITests;
			sourceTree = "<group>";
		};
		C8ACB46623B0E87300F3BA96 /* Model */ = {
			isa = PBXGroup;
			children = (
				C8ACB46E23B0E90D00F3BA96 /* DetailsModel.swift */,
			);
			path = Model;
			sourceTree = "<group>";
		};
		C8ACB46723B0E87E00F3BA96 /* viewModel */ = {
			isa = PBXGroup;
			children = (
				C8ACB46923B0E8D200F3BA96 /* DetailsViewModel.swift */,
			);
			path = viewModel;
			sourceTree = "<group>";
		};
		C8ACB46823B0E88900F3BA96 /* Controllers */ = {
			isa = PBXGroup;
			children = (
				C8ACB43A23B091F400F3BA96 /* ViewController.swift */,
				C8ACB4A723B5F41000F3BA96 /* DetailsViewControllerDataSourceExtension.swift */,
				C8ACB4A923B5F56E00F3BA96 /* DetailsCell.swift */,
				C8ACB4AB23B5F63B00F3BA96 /* DetailsViewControllerUITableViewDelegateExtension.swift */,
			);
			path = Controllers;
			sourceTree = "<group>";
		};
		C8ACB46B23B0E8E100F3BA96 /* Services */ = {
			isa = PBXGroup;
			children = (
				C8ACB46C23B0E8F600F3BA96 /* Service.swift */,
			);
			path = Services;
			sourceTree = "<group>";
		};
		C8ACB47023B1D66A00F3BA96 /* AppConstant */ = {
			isa = PBXGroup;
			children = (
				C8ACB47123B1D73400F3BA96 /* AppStrings.swift */,
			);
			path = AppConstant;
			sourceTree = "<group>";
		};
		C8ACB47623B1E79700F3BA96 /* AppUtills */ = {
			isa = PBXGroup;
			children = (
				C8ACB47723B1E7AF00F3BA96 /* Utills.swift */,
			);
			path = AppUtills;
			sourceTree = "<group>";
		};
/* End PBXGroup section */

/* Begin PBXNativeTarget section */
		C8ACB43223B091F400F3BA96 /* Assignment */ = {
			isa = PBXNativeTarget;
			buildConfigurationList = C8ACB45D23B091F900F3BA96 /* Build configuration list for PBXNativeTarget "Assignment" */;
			buildPhases = (
				0360B193D36290DD8B5A2416 /* [CP] Check Pods Manifest.lock */,
				C8ACB42F23B091F400F3BA96 /* Sources */,
				C8ACB43023B091F400F3BA96 /* Frameworks */,
				C8ACB43123B091F400F3BA96 /* Resources */,
				6DE8BB6C14FC66A121E26F57 /* [CP] Embed Pods Frameworks */,
			);
			buildRules = (
			);
			dependencies = (
			);
			name = Assignment;
			productName = Assignment;
			productReference = C8ACB43323B091F400F3BA96 /* Assignment.app */;
			productType = "com.apple.product-type.application";
		};
		C8ACB44823B091F800F3BA96 /* AssignmentTests */ = {
			isa = PBXNativeTarget;
			buildConfigurationList = C8ACB46023B091F900F3BA96 /* Build configuration list for PBXNativeTarget "AssignmentTests" */;
			buildPhases = (
				439C3338C91375AD25882E06 /* [CP] Check Pods Manifest.lock */,
				C8ACB44523B091F800F3BA96 /* Sources */,
				C8ACB44623B091F800F3BA96 /* Frameworks */,
				C8ACB44723B091F800F3BA96 /* Resources */,
			);
			buildRules = (
			);
			dependencies = (
				C8ACB44B23B091F800F3BA96 /* PBXTargetDependency */,
			);
			name = AssignmentTests;
			productName = AssignmentTests;
			productReference = C8ACB44923B091F800F3BA96 /* AssignmentTests.xctest */;
			productType = "com.apple.product-type.bundle.unit-test";
		};
		C8ACB45323B091F800F3BA96 /* AssignmentUITests */ = {
			isa = PBXNativeTarget;
			buildConfigurationList = C8ACB46323B091F900F3BA96 /* Build configuration list for PBXNativeTarget "AssignmentUITests" */;
			buildPhases = (
				6261E199E112AFF7D4AAB84A /* [CP] Check Pods Manifest.lock */,
				C8ACB45023B091F800F3BA96 /* Sources */,
				C8ACB45123B091F800F3BA96 /* Frameworks */,
				C8ACB45223B091F800F3BA96 /* Resources */,
				537D4D3B21FA04B4E8BAB0BA /* [CP] Embed Pods Frameworks */,
			);
			buildRules = (
			);
			dependencies = (
				C8ACB45623B091F800F3BA96 /* PBXTargetDependency */,
			);
			name = AssignmentUITests;
			productName = AssignmentUITests;
			productReference = C8ACB45423B091F800F3BA96 /* AssignmentUITests.xctest */;
			productType = "com.apple.product-type.bundle.ui-testing";
		};
/* End PBXNativeTarget section */

/* Begin PBXProject section */
		C8ACB42B23B091F400F3BA96 /* Project object */ = {
			isa = PBXProject;
			attributes = {
				LastSwiftUpdateCheck = 1130;
				LastUpgradeCheck = 1130;
				ORGANIZATIONNAME = "mayank soni";
				TargetAttributes = {
					C8ACB43223B091F400F3BA96 = {
						CreatedOnToolsVersion = 11.3;
						LastSwiftMigration = 1130;
					};
					C8ACB44823B091F800F3BA96 = {
						CreatedOnToolsVersion = 11.3;
						TestTargetID = C8ACB43223B091F400F3BA96;
					};
					C8ACB45323B091F800F3BA96 = {
						CreatedOnToolsVersion = 11.3;
						TestTargetID = C8ACB43223B091F400F3BA96;
					};
				};
			};
			buildConfigurationList = C8ACB42E23B091F400F3BA96 /* Build configuration list for PBXProject "Assignment" */;
			compatibilityVersion = "Xcode 9.3";
			developmentRegion = en;
			hasScannedForEncodings = 0;
			knownRegions = (
				en,
				Base,
			);
			mainGroup = C8ACB42A23B091F400F3BA96;
			productRefGroup = C8ACB43423B091F400F3BA96 /* Products */;
			projectDirPath = "";
			projectRoot = "";
			targets = (
				C8ACB43223B091F400F3BA96 /* Assignment */,
				C8ACB44823B091F800F3BA96 /* AssignmentTests */,
				C8ACB45323B091F800F3BA96 /* AssignmentUITests */,
			);
		};
/* End PBXProject section */

/* Begin PBXResourcesBuildPhase section */
		C8ACB43123B091F400F3BA96 /* Resources */ = {
			isa = PBXResourcesBuildPhase;
			buildActionMask = 2147483647;
			files = (
				C8ACB44323B091F800F3BA96 /* LaunchScreen.storyboard in Resources */,
				C8ACB44023B091F800F3BA96 /* Assets.xcassets in Resources */,
				C8ACB43E23B091F400F3BA96 /* Main.storyboard in Resources */,
			);
			runOnlyForDeploymentPostprocessing = 0;
		};
		C8ACB44723B091F800F3BA96 /* Resources */ = {
			isa = PBXResourcesBuildPhase;
			buildActionMask = 2147483647;
			files = (
			);
			runOnlyForDeploymentPostprocessing = 0;
		};
		C8ACB45223B091F800F3BA96 /* Resources */ = {
			isa = PBXResourcesBuildPhase;
			buildActionMask = 2147483647;
			files = (
			);
			runOnlyForDeploymentPostprocessing = 0;
		};
/* End PBXResourcesBuildPhase section */

/* Begin PBXShellScriptBuildPhase section */
		0360B193D36290DD8B5A2416 /* [CP] Check Pods Manifest.lock */ = {
			isa = PBXShellScriptBuildPhase;
			buildActionMask = 2147483647;
			files = (
			);
			inputFileListPaths = (
			);
			inputPaths = (
				"${PODS_PODFILE_DIR_PATH}/Podfile.lock",
				"${PODS_ROOT}/Manifest.lock",
			);
			name = "[CP] Check Pods Manifest.lock";
			outputFileListPaths = (
			);
			outputPaths = (
				"$(DERIVED_FILE_DIR)/Pods-Assignment-checkManifestLockResult.txt",
			);
			runOnlyForDeploymentPostprocessing = 0;
			shellPath = /bin/sh;
			shellScript = "diff \"${PODS_PODFILE_DIR_PATH}/Podfile.lock\" \"${PODS_ROOT}/Manifest.lock\" > /dev/null\nif [ $? != 0 ] ; then\n    # print error to STDERR\n    echo \"error: The sandbox is not in sync with the Podfile.lock. Run 'pod install' or update your CocoaPods installation.\" >&2\n    exit 1\nfi\n# This output is used by Xcode 'outputs' to avoid re-running this script phase.\necho \"SUCCESS\" > \"${SCRIPT_OUTPUT_FILE_0}\"\n";
			showEnvVarsInLog = 0;
		};
		439C3338C91375AD25882E06 /* [CP] Check Pods Manifest.lock */ = {
			isa = PBXShellScriptBuildPhase;
			buildActionMask = 2147483647;
			files = (
			);
			inputFileListPaths = (
			);
			inputPaths = (
				"${PODS_PODFILE_DIR_PATH}/Podfile.lock",
				"${PODS_ROOT}/Manifest.lock",
			);
			name = "[CP] Check Pods Manifest.lock";
			outputFileListPaths = (
			);
			outputPaths = (
				"$(DERIVED_FILE_DIR)/Pods-AssignmentTests-checkManifestLockResult.txt",
			);
			runOnlyForDeploymentPostprocessing = 0;
			shellPath = /bin/sh;
			shellScript = "diff \"${PODS_PODFILE_DIR_PATH}/Podfile.lock\" \"${PODS_ROOT}/Manifest.lock\" > /dev/null\nif [ $? != 0 ] ; then\n    # print error to STDERR\n    echo \"error: The sandbox is not in sync with the Podfile.lock. Run 'pod install' or update your CocoaPods installation.\" >&2\n    exit 1\nfi\n# This output is used by Xcode 'outputs' to avoid re-running this script phase.\necho \"SUCCESS\" > \"${SCRIPT_OUTPUT_FILE_0}\"\n";
			showEnvVarsInLog = 0;
		};
		537D4D3B21FA04B4E8BAB0BA /* [CP] Embed Pods Frameworks */ = {
			isa = PBXShellScriptBuildPhase;
			buildActionMask = 2147483647;
			files = (
			);
			inputFileListPaths = (
				"${PODS_ROOT}/Target Support Files/Pods-Assignment-AssignmentUITests/Pods-Assignment-AssignmentUITests-frameworks-${CONFIGURATION}-input-files.xcfilelist",
			);
			name = "[CP] Embed Pods Frameworks";
			outputFileListPaths = (
				"${PODS_ROOT}/Target Support Files/Pods-Assignment-AssignmentUITests/Pods-Assignment-AssignmentUITests-frameworks-${CONFIGURATION}-output-files.xcfilelist",
			);
			runOnlyForDeploymentPostprocessing = 0;
			shellPath = /bin/sh;
			shellScript = "\"${PODS_ROOT}/Target Support Files/Pods-Assignment-AssignmentUITests/Pods-Assignment-AssignmentUITests-frameworks.sh\"\n";
			showEnvVarsInLog = 0;
		};
		6261E199E112AFF7D4AAB84A /* [CP] Check Pods Manifest.lock */ = {
			isa = PBXShellScriptBuildPhase;
			buildActionMask = 2147483647;
			files = (
			);
			inputFileListPaths = (
			);
			inputPaths = (
				"${PODS_PODFILE_DIR_PATH}/Podfile.lock",
				"${PODS_ROOT}/Manifest.lock",
			);
			name = "[CP] Check Pods Manifest.lock";
			outputFileListPaths = (
			);
			outputPaths = (
				"$(DERIVED_FILE_DIR)/Pods-Assignment-AssignmentUITests-checkManifestLockResult.txt",
			);
			runOnlyForDeploymentPostprocessing = 0;
			shellPath = /bin/sh;
			shellScript = "diff \"${PODS_PODFILE_DIR_PATH}/Podfile.lock\" \"${PODS_ROOT}/Manifest.lock\" > /dev/null\nif [ $? != 0 ] ; then\n    # print error to STDERR\n    echo \"error: The sandbox is not in sync with the Podfile.lock. Run 'pod install' or update your CocoaPods installation.\" >&2\n    exit 1\nfi\n# This output is used by Xcode 'outputs' to avoid re-running this script phase.\necho \"SUCCESS\" > \"${SCRIPT_OUTPUT_FILE_0}\"\n";
			showEnvVarsInLog = 0;
		};
		6DE8BB6C14FC66A121E26F57 /* [CP] Embed Pods Frameworks */ = {
			isa = PBXShellScriptBuildPhase;
			buildActionMask = 2147483647;
			files = (
			);
			inputFileListPaths = (
				"${PODS_ROOT}/Target Support Files/Pods-Assignment/Pods-Assignment-frameworks-${CONFIGURATION}-input-files.xcfilelist",
			);
			name = "[CP] Embed Pods Frameworks";
			outputFileListPaths = (
				"${PODS_ROOT}/Target Support Files/Pods-Assignment/Pods-Assignment-frameworks-${CONFIGURATION}-output-files.xcfilelist",
			);
			runOnlyForDeploymentPostprocessing = 0;
			shellPath = /bin/sh;
			shellScript = "\"${PODS_ROOT}/Target Support Files/Pods-Assignment/Pods-Assignment-frameworks.sh\"\n";
			showEnvVarsInLog = 0;
		};
/* End PBXShellScriptBuildPhase section */

/* Begin PBXSourcesBuildPhase section */
		C8ACB42F23B091F400F3BA96 /* Sources */ = {
			isa = PBXSourcesBuildPhase;
			buildActionMask = 2147483647;
			files = (
				C8ACB4A823B5F41000F3BA96 /* DetailsViewControllerDataSourceExtension.swift in Sources */,
				C8ACB43B23B091F400F3BA96 /* ViewController.swift in Sources */,
				C8ACB4AA23B5F56E00F3BA96 /* DetailsCell.swift in Sources */,
				C8ACB43723B091F400F3BA96 /* AppDelegate.swift in Sources */,
				C8ACB46D23B0E8F600F3BA96 /* Service.swift in Sources */,
				C8ACB43923B091F400F3BA96 /* SceneDelegate.swift in Sources */,
				C8ACB47823B1E7AF00F3BA96 /* Utills.swift in Sources */,
				C8ACB47223B1D73400F3BA96 /* AppStrings.swift in Sources */,
				C8ACB46F23B0E90D00F3BA96 /* DetailsModel.swift in Sources */,
				C8ACB4AC23B5F63B00F3BA96 /* DetailsViewControllerUITableViewDelegateExtension.swift in Sources */,
				C8ACB46A23B0E8D200F3BA96 /* DetailsViewModel.swift in Sources */,
			);
			runOnlyForDeploymentPostprocessing = 0;
		};
		C8ACB44523B091F800F3BA96 /* Sources */ = {
			isa = PBXSourcesBuildPhase;
			buildActionMask = 2147483647;
			files = (
				C8ACB44E23B091F800F3BA96 /* AssignmentTests.swift in Sources */,
			);
			runOnlyForDeploymentPostprocessing = 0;
		};
		C8ACB45023B091F800F3BA96 /* Sources */ = {
			isa = PBXSourcesBuildPhase;
			buildActionMask = 2147483647;
			files = (
				C8ACB45923B091F900F3BA96 /* AssignmentUITests.swift in Sources */,
			);
			runOnlyForDeploymentPostprocessing = 0;
		};
/* End PBXSourcesBuildPhase section */

/* Begin PBXTargetDependency section */
		C8ACB44B23B091F800F3BA96 /* PBXTargetDependency */ = {
			isa = PBXTargetDependency;
			target = C8ACB43223B091F400F3BA96 /* Assignment */;
			targetProxy = C8ACB44A23B091F800F3BA96 /* PBXContainerItemProxy */;
		};
		C8ACB45623B091F800F3BA96 /* PBXTargetDependency */ = {
			isa = PBXTargetDependency;
			target = C8ACB43223B091F400F3BA96 /* Assignment */;
			targetProxy = C8ACB45523B091F800F3BA96 /* PBXContainerItemProxy */;
		};
/* End PBXTargetDependency section */

/* Begin PBXVariantGroup section */
		C8ACB43C23B091F400F3BA96 /* Main.storyboard */ = {
			isa = PBXVariantGroup;
			children = (
				C8ACB43D23B091F400F3BA96 /* Base */,
			);
			name = Main.storyboard;
			sourceTree = "<group>";
		};
		C8ACB44123B091F800F3BA96 /* LaunchScreen.storyboard */ = {
			isa = PBXVariantGroup;
			children = (
				C8ACB44223B091F800F3BA96 /* Base */,
			);
			name = LaunchScreen.storyboard;
			sourceTree = "<group>";
		};
/* End PBXVariantGroup section */

/* Begin XCBuildConfiguration section */
		C8ACB45B23B091F900F3BA96 /* Debug */ = {
			isa = XCBuildConfiguration;
			buildSettings = {
				ALWAYS_SEARCH_USER_PATHS = NO;
				CLANG_ANALYZER_NONNULL = YES;
				CLANG_ANALYZER_NUMBER_OBJECT_CONVERSION = YES_AGGRESSIVE;
				CLANG_CXX_LANGUAGE_STANDARD = "gnu++14";
				CLANG_CXX_LIBRARY = "libc++";
				CLANG_ENABLE_MODULES = YES;
				CLANG_ENABLE_OBJC_ARC = YES;
				CLANG_ENABLE_OBJC_WEAK = YES;
				CLANG_WARN_BLOCK_CAPTURE_AUTORELEASING = YES;
				CLANG_WARN_BOOL_CONVERSION = YES;
				CLANG_WARN_COMMA = YES;
				CLANG_WARN_CONSTANT_CONVERSION = YES;
				CLANG_WARN_DEPRECATED_OBJC_IMPLEMENTATIONS = YES;
				CLANG_WARN_DIRECT_OBJC_ISA_USAGE = YES_ERROR;
				CLANG_WARN_DOCUMENTATION_COMMENTS = YES;
				CLANG_WARN_EMPTY_BODY = YES;
				CLANG_WARN_ENUM_CONVERSION = YES;
				CLANG_WARN_INFINITE_RECURSION = YES;
				CLANG_WARN_INT_CONVERSION = YES;
				CLANG_WARN_NON_LITERAL_NULL_CONVERSION = YES;
				CLANG_WARN_OBJC_IMPLICIT_RETAIN_SELF = YES;
				CLANG_WARN_OBJC_LITERAL_CONVERSION = YES;
				CLANG_WARN_OBJC_ROOT_CLASS = YES_ERROR;
				CLANG_WARN_RANGE_LOOP_ANALYSIS = YES;
				CLANG_WARN_STRICT_PROTOTYPES = YES;
				CLANG_WARN_SUSPICIOUS_MOVE = YES;
				CLANG_WARN_UNGUARDED_AVAILABILITY = YES_AGGRESSIVE;
				CLANG_WARN_UNREACHABLE_CODE = YES;
				CLANG_WARN__DUPLICATE_METHOD_MATCH = YES;
				COPY_PHASE_STRIP = NO;
				DEBUG_INFORMATION_FORMAT = dwarf;
				ENABLE_STRICT_OBJC_MSGSEND = YES;
				ENABLE_TESTABILITY = YES;
				GCC_C_LANGUAGE_STANDARD = gnu11;
				GCC_DYNAMIC_NO_PIC = NO;
				GCC_NO_COMMON_BLOCKS = YES;
				GCC_OPTIMIZATION_LEVEL = 0;
				GCC_PREPROCESSOR_DEFINITIONS = (
					"DEBUG=1",
					"$(inherited)",
				);
				GCC_WARN_64_TO_32_BIT_CONVERSION = YES;
				GCC_WARN_ABOUT_RETURN_TYPE = YES_ERROR;
				GCC_WARN_UNDECLARED_SELECTOR = YES;
				GCC_WARN_UNINITIALIZED_AUTOS = YES_AGGRESSIVE;
				GCC_WARN_UNUSED_FUNCTION = YES;
				GCC_WARN_UNUSED_VARIABLE = YES;
				IPHONEOS_DEPLOYMENT_TARGET = 13.2;
				MTL_ENABLE_DEBUG_INFO = INCLUDE_SOURCE;
				MTL_FAST_MATH = YES;
				ONLY_ACTIVE_ARCH = YES;
				SDKROOT = iphoneos;
				SWIFT_ACTIVE_COMPILATION_CONDITIONS = DEBUG;
				SWIFT_OPTIMIZATION_LEVEL = "-Onone";
			};
			name = Debug;
		};
		C8ACB45C23B091F900F3BA96 /* Release */ = {
			isa = XCBuildConfiguration;
			buildSettings = {
				ALWAYS_SEARCH_USER_PATHS = NO;
				CLANG_ANALYZER_NONNULL = YES;
				CLANG_ANALYZER_NUMBER_OBJECT_CONVERSION = YES_AGGRESSIVE;
				CLANG_CXX_LANGUAGE_STANDARD = "gnu++14";
				CLANG_CXX_LIBRARY = "libc++";
				CLANG_ENABLE_MODULES = YES;
				CLANG_ENABLE_OBJC_ARC = YES;
				CLANG_ENABLE_OBJC_WEAK = YES;
				CLANG_WARN_BLOCK_CAPTURE_AUTORELEASING = YES;
				CLANG_WARN_BOOL_CONVERSION = YES;
				CLANG_WARN_COMMA = YES;
				CLANG_WARN_CONSTANT_CONVERSION = YES;
				CLANG_WARN_DEPRECATED_OBJC_IMPLEMENTATIONS = YES;
				CLANG_WARN_DIRECT_OBJC_ISA_USAGE = YES_ERROR;
				CLANG_WARN_DOCUMENTATION_COMMENTS = YES;
				CLANG_WARN_EMPTY_BODY = YES;
				CLANG_WARN_ENUM_CONVERSION = YES;
				CLANG_WARN_INFINITE_RECURSION = YES;
				CLANG_WARN_INT_CONVERSION = YES;
				CLANG_WARN_NON_LITERAL_NULL_CONVERSION = YES;
				CLANG_WARN_OBJC_IMPLICIT_RETAIN_SELF = YES;
				CLANG_WARN_OBJC_LITERAL_CONVERSION = YES;
				CLANG_WARN_OBJC_ROOT_CLASS = YES_ERROR;
				CLANG_WARN_RANGE_LOOP_ANALYSIS = YES;
				CLANG_WARN_STRICT_PROTOTYPES = YES;
				CLANG_WARN_SUSPICIOUS_MOVE = YES;
				CLANG_WARN_UNGUARDED_AVAILABILITY = YES_AGGRESSIVE;
				CLANG_WARN_UNREACHABLE_CODE = YES;
				CLANG_WARN__DUPLICATE_METHOD_MATCH = YES;
				COPY_PHASE_STRIP = NO;
				DEBUG_INFORMATION_FORMAT = "dwarf-with-dsym";
				ENABLE_NS_ASSERTIONS = NO;
				ENABLE_STRICT_OBJC_MSGSEND = YES;
				GCC_C_LANGUAGE_STANDARD = gnu11;
				GCC_NO_COMMON_BLOCKS = YES;
				GCC_WARN_64_TO_32_BIT_CONVERSION = YES;
				GCC_WARN_ABOUT_RETURN_TYPE = YES_ERROR;
				GCC_WARN_UNDECLARED_SELECTOR = YES;
				GCC_WARN_UNINITIALIZED_AUTOS = YES_AGGRESSIVE;
				GCC_WARN_UNUSED_FUNCTION = YES;
				GCC_WARN_UNUSED_VARIABLE = YES;
				IPHONEOS_DEPLOYMENT_TARGET = 13.2;
				MTL_ENABLE_DEBUG_INFO = NO;
				MTL_FAST_MATH = YES;
				SDKROOT = iphoneos;
				SWIFT_COMPILATION_MODE = wholemodule;
				SWIFT_OPTIMIZATION_LEVEL = "-O";
				VALIDATE_PRODUCT = YES;
			};
			name = Release;
		};
		C8ACB45E23B091F900F3BA96 /* Debug */ = {
			isa = XCBuildConfiguration;
			baseConfigurationReference = 7D60E9673C9068FAC959D429 /* Pods-Assignment.debug.xcconfig */;
			buildSettings = {
				ASSETCATALOG_COMPILER_APPICON_NAME = AppIcon;
				CODE_SIGN_STYLE = Automatic;
				DEVELOPMENT_TEAM = GHHUR6PCUA;
				INFOPLIST_FILE = Assignment/Info.plist;
				LD_RUNPATH_SEARCH_PATHS = (
					"$(inherited)",
					"@executable_path/Frameworks",
				);
				PRODUCT_BUNDLE_IDENTIFIER = com.mak.rich.Assignment;
				PRODUCT_NAME = "$(TARGET_NAME)";
				SWIFT_VERSION = 5.0;
				TARGETED_DEVICE_FAMILY = "1,2";
			};
			name = Debug;
		};
		C8ACB45F23B091F900F3BA96 /* Release */ = {
			isa = XCBuildConfiguration;
			baseConfigurationReference = 552E7EC255BA82F972A9E360 /* Pods-Assignment.release.xcconfig */;
			buildSettings = {
				ASSETCATALOG_COMPILER_APPICON_NAME = AppIcon;
				CODE_SIGN_STYLE = Automatic;
				DEVELOPMENT_TEAM = GHHUR6PCUA;
				INFOPLIST_FILE = Assignment/Info.plist;
				LD_RUNPATH_SEARCH_PATHS = (
					"$(inherited)",
					"@executable_path/Frameworks",
				);
				PRODUCT_BUNDLE_IDENTIFIER = com.mak.rich.Assignment;
				PRODUCT_NAME = "$(TARGET_NAME)";
				SWIFT_VERSION = 5.0;
				TARGETED_DEVICE_FAMILY = "1,2";
			};
			name = Release;
		};
		C8ACB46123B091F900F3BA96 /* Debug */ = {
			isa = XCBuildConfiguration;
			baseConfigurationReference = 7D95DE3DCCE6CBE643A3C792 /* Pods-AssignmentTests.debug.xcconfig */;
			buildSettings = {
				ALWAYS_EMBED_SWIFT_STANDARD_LIBRARIES = YES;
				BUNDLE_LOADER = "$(TEST_HOST)";
				CODE_SIGN_STYLE = Automatic;
				DEVELOPMENT_TEAM = GHHUR6PCUA;
				INFOPLIST_FILE = AssignmentTests/Info.plist;
				IPHONEOS_DEPLOYMENT_TARGET = 13.2;
				LD_RUNPATH_SEARCH_PATHS = (
					"$(inherited)",
					"@executable_path/Frameworks",
					"@loader_path/Frameworks",
				);
				PRODUCT_BUNDLE_IDENTIFIER = com.mak.rich.AssignmentTests;
				PRODUCT_NAME = "$(TARGET_NAME)";
				SWIFT_VERSION = 5.0;
				TARGETED_DEVICE_FAMILY = "1,2";
				TEST_HOST = "$(BUILT_PRODUCTS_DIR)/Assignment.app/Assignment";
			};
			name = Debug;
		};
		C8ACB46223B091F900F3BA96 /* Release */ = {
			isa = XCBuildConfiguration;
			baseConfigurationReference = 02B24E7191475D2E683A6B51 /* Pods-AssignmentTests.release.xcconfig */;
			buildSettings = {
				ALWAYS_EMBED_SWIFT_STANDARD_LIBRARIES = YES;
				BUNDLE_LOADER = "$(TEST_HOST)";
				CODE_SIGN_STYLE = Automatic;
				DEVELOPMENT_TEAM = GHHUR6PCUA;
				INFOPLIST_FILE = AssignmentTests/Info.plist;
				IPHONEOS_DEPLOYMENT_TARGET = 13.2;
				LD_RUNPATH_SEARCH_PATHS = (
					"$(inherited)",
					"@executable_path/Frameworks",
					"@loader_path/Frameworks",
				);
				PRODUCT_BUNDLE_IDENTIFIER = com.mak.rich.AssignmentTests;
				PRODUCT_NAME = "$(TARGET_NAME)";
				SWIFT_VERSION = 5.0;
				TARGETED_DEVICE_FAMILY = "1,2";
				TEST_HOST = "$(BUILT_PRODUCTS_DIR)/Assignment.app/Assignment";
			};
			name = Release;
		};
		C8ACB46423B091F900F3BA96 /* Debug */ = {
			isa = XCBuildConfiguration;
			baseConfigurationReference = D3DF5191A3B0DFC2E8600A9C /* Pods-Assignment-AssignmentUITests.debug.xcconfig */;
			buildSettings = {
				ALWAYS_EMBED_SWIFT_STANDARD_LIBRARIES = YES;
				CODE_SIGN_STYLE = Automatic;
				DEVELOPMENT_TEAM = GHHUR6PCUA;
				INFOPLIST_FILE = AssignmentUITests/Info.plist;
				LD_RUNPATH_SEARCH_PATHS = (
					"$(inherited)",
					"@executable_path/Frameworks",
					"@loader_path/Frameworks",
				);
				PRODUCT_BUNDLE_IDENTIFIER = com.mak.rich.AssignmentUITests;
				PRODUCT_NAME = "$(TARGET_NAME)";
				SWIFT_VERSION = 5.0;
				TARGETED_DEVICE_FAMILY = "1,2";
				TEST_TARGET_NAME = Assignment;
			};
			name = Debug;
		};
		C8ACB46523B091F900F3BA96 /* Release */ = {
			isa = XCBuildConfiguration;
			baseConfigurationReference = A841ED409D629F5EBBE6BAFB /* Pods-Assignment-AssignmentUITests.release.xcconfig */;
			buildSettings = {
				ALWAYS_EMBED_SWIFT_STANDARD_LIBRARIES = YES;
				CODE_SIGN_STYLE = Automatic;
				DEVELOPMENT_TEAM = GHHUR6PCUA;
				INFOPLIST_FILE = AssignmentUITests/Info.plist;
				LD_RUNPATH_SEARCH_PATHS = (
					"$(inherited)",
					"@executable_path/Frameworks",
					"@loader_path/Frameworks",
				);
				PRODUCT_BUNDLE_IDENTIFIER = com.mak.rich.AssignmentUITests;
				PRODUCT_NAME = "$(TARGET_NAME)";
				SWIFT_VERSION = 5.0;
				TARGETED_DEVICE_FAMILY = "1,2";
				TEST_TARGET_NAME = Assignment;
			};
			name = Release;
		};
/* End XCBuildConfiguration section */

/* Begin XCConfigurationList section */
		C8ACB42E23B091F400F3BA96 /* Build configuration list for PBXProject "Assignment" */ = {
			isa = XCConfigurationList;
			buildConfigurations = (
				C8ACB45B23B091F900F3BA96 /* Debug */,
				C8ACB45C23B091F900F3BA96 /* Release */,
			);
			defaultConfigurationIsVisible = 0;
			defaultConfigurationName = Release;
		};
		C8ACB45D23B091F900F3BA96 /* Build configuration list for PBXNativeTarget "Assignment" */ = {
			isa = XCConfigurationList;
			buildConfigurations = (
				C8ACB45E23B091F900F3BA96 /* Debug */,
				C8ACB45F23B091F900F3BA96 /* Release */,
			);
			defaultConfigurationIsVisible = 0;
			defaultConfigurationName = Release;
		};
		C8ACB46023B091F900F3BA96 /* Build configuration list for PBXNativeTarget "AssignmentTests" */ = {
			isa = XCConfigurationList;
			buildConfigurations = (
				C8ACB46123B091F900F3BA96 /* Debug */,
				C8ACB46223B091F900F3BA96 /* Release */,
			);
			defaultConfigurationIsVisible = 0;
			defaultConfigurationName = Release;
		};
		C8ACB46323B091F900F3BA96 /* Build configuration list for PBXNativeTarget "AssignmentUITests" */ = {
			isa = XCConfigurationList;
			buildConfigurations = (
				C8ACB46423B091F900F3BA96 /* Debug */,
				C8ACB46523B091F900F3BA96 /* Release */,
			);
			defaultConfigurationIsVisible = 0;
			defaultConfigurationName = Release;
		};
/* End XCConfigurationList section */
	};
	rootObject = C8ACB42B23B091F400F3BA96 /* Project object */;
}
